
Microsoft Visual Studio Solution File, Format Version 12.00
# Visual Studio 2013
VisualStudioVersion = 12.0.30501.0
MinimumVisualStudioVersion = 10.0.40219.1
Project("{FAE04EC0-301F-11D3-BF4B-00C04F79EFBC}") = "CQRSMagic.Specifications", "Projects\CQRSMagic.Specifications\CQRSMagic.Specifications.csproj", "{AA857B71-A6DE-4567-B9C0-CC0A1455EC17}"
EndProject
Project("{FAE04EC0-301F-11D3-BF4B-00C04F79EFBC}") = "CQRSMagic", "Projects\CQRSMagic\CQRSMagic.csproj", "{B507050C-F8DD-44BF-81D7-3BABDCA8E8A4}"
EndProject
Project("{FAE04EC0-301F-11D3-BF4B-00C04F79EFBC}") = "ExampleDomain", "Projects\ExampleDomain\ExampleDomain.csproj", "{22B51F57-6454-4624-8350-02C1373AEAC3}"
EndProject
Project("{FAE04EC0-301F-11D3-BF4B-00C04F79EFBC}") = "CQRSMagic.Azure", "Projects\CQRSMagic.Azure\CQRSMagic.Azure.csproj", "{8621EA99-BA91-4692-BB23-35DF06FECB2F}"
EndProject
Project("{2150E333-8FDC-42A3-9474-1A3956D46DE8}") = "Solution Items", "Solution Items", "{2FAE5529-20A6-423D-8CF8-EA90CE43FAAF}"
	ProjectSection(SolutionItems) = preProject
		.nuget\CQRSMagic.Azure.nuspec = .nuget\CQRSMagic.Azure.nuspec
		.nuget\CQRSMagic.nuspec = .nuget\CQRSMagic.nuspec
		Scripts\PublishAndPause.bat = Scripts\PublishAndPause.bat
	EndProjectSection
EndProject
Global
	GlobalSection(SolutionConfigurationPlatforms) = preSolution
		Debug|Any CPU = Debug|Any CPU
		Release|Any CPU = Release|Any CPU
	EndGlobalSection
	GlobalSection(ProjectConfigurationPlatforms) = postSolution
		{AA857B71-A6DE-4567-B9C0-CC0A1455EC17}.Debug|Any CPU.ActiveCfg = Debug|Any CPU
		{AA857B71-A6DE-4567-B9C0-CC0A1455EC17}.Debug|Any CPU.Build.0 = Debug|Any CPU
		{AA857B71-A6DE-4567-B9C0-CC0A1455EC17}.Release|Any CPU.ActiveCfg = Release|Any CPU
		{AA857B71-A6DE-4567-B9C0-CC0A1455EC17}.Release|Any CPU.Build.0 = Release|Any CPU
		{B507050C-F8DD-44BF-81D7-3BABDCA8E8A4}.Debug|Any CPU.ActiveCfg = Debug|Any CPU
		{B507050C-F8DD-44BF-81D7-3BABDCA8E8A4}.Debug|Any CPU.Build.0 = Debug|Any CPU
		{B507050C-F8DD-44BF-81D7-3BABDCA8E8A4}.Release|Any CPU.ActiveCfg = Release|Any CPU
		{B507050C-F8DD-44BF-81D7-3BABDCA8E8A4}.Release|Any CPU.Build.0 = Release|Any CPU
		{22B51F57-6454-4624-8350-02C1373AEAC3}.Debug|Any CPU.ActiveCfg = Debug|Any CPU
		{22B51F57-6454-4624-8350-02C1373AEAC3}.Debug|Any CPU.Build.0 = Debug|Any CPU
		{22B51F57-6454-4624-8350-02C1373AEAC3}.Release|Any CPU.ActiveCfg = Release|Any CPU
		{22B51F57-6454-4624-8350-02C1373AEAC3}.Release|Any CPU.Build.0 = Release|Any CPU
		{8621EA99-BA91-4692-BB23-35DF06FECB2F}.Debug|Any CPU.ActiveCfg = Debug|Any CPU
		{8621EA99-BA91-4692-BB23-35DF06FECB2F}.Debug|Any CPU.Build.0 = Debug|Any CPU
		{8621EA99-BA91-4692-BB23-35DF06FECB2F}.Release|Any CPU.ActiveCfg = Release|Any CPU
		{8621EA99-BA91-4692-BB23-35DF06FECB2F}.Release|Any CPU.Build.0 = Release|Any CPU
	EndGlobalSection
	GlobalSection(SolutionProperties) = preSolution
		HideSolutionNode = FALSE
	EndGlobalSection
EndGlobal
